
Microsoft Visual Studio Solution File, Format Version 12.00
# Visual Studio Version 17
VisualStudioVersion = 17.6.33723.286
MinimumVisualStudioVersion = 10.0.40219.1
Project("{9A19103F-16F7-4668-BE54-9A1E7A4F7556}") = "AutomobileLibrary", "AutomobileLibrary\AutomobileLibrary.csproj", "{F5B454F1-62A9-4A76-BFF6-BFFA4FF7805C}"
EndProject
Project("{FAE04EC0-301F-11D3-BF4B-00C04F79EFBC}") = "AutomobileWinApp", "AutomobileWinApp\AutomobileWinApp.csproj", "{5F68AE43-CBD5-4FB4-8CD5-865D3F6A3B14}"
EndProject
Global
	GlobalSection(SolutionConfigurationPlatforms) = preSolution
		Debug|Any CPU = Debug|Any CPU
		Release|Any CPU = Release|Any CPU
	EndGlobalSection
	GlobalSection(ProjectConfigurationPlatforms) = postSolution
		{F5B454F1-62A9-4A76-BFF6-BFFA4FF7805C}.Debug|Any CPU.ActiveCfg = Debug|Any CPU
		{F5B454F1-62A9-4A76-BFF6-BFFA4FF7805C}.Debug|Any CPU.Build.0 = Debug|Any CPU
		{F5B454F1-62A9-4A76-BFF6-BFFA4FF7805C}.Release|Any CPU.ActiveCfg = Release|Any CPU
		{F5B454F1-62A9-4A76-BFF6-BFFA4FF7805C}.Release|Any CPU.Build.0 = Release|Any CPU
		{5F68AE43-CBD5-4FB4-8CD5-865D3F6A3B14}.Debug|Any CPU.ActiveCfg = Debug|Any CPU
		{5F68AE43-CBD5-4FB4-8CD5-865D3F6A3B14}.Debug|Any CPU.Build.0 = Debug|Any CPU
		{5F68AE43-CBD5-4FB4-8CD5-865D3F6A3B14}.Release|Any CPU.ActiveCfg = Release|Any CPU
		{5F68AE43-CBD5-4FB4-8CD5-865D3F6A3B14}.Release|Any CPU.Build.0 = Release|Any CPU
	EndGlobalSection
	GlobalSection(SolutionProperties) = preSolution
		HideSolutionNode = FALSE
	EndGlobalSection
	GlobalSection(ExtensibilityGlobals) = postSolution
		SolutionGuid = {18AFDCC1-CE8A-4423-B4B4-03F6CCCBDD19}
	EndGlobalSection
EndGlobal
